
Microsoft Visual Studio Solution File, Format Version 12.00
# Visual Studio Version 16
VisualStudioVersion = 16.0.31410.357
MinimumVisualStudioVersion = 10.0.40219.1
Project("{2150E333-8FDC-42A3-9474-1A3956D46DE8}") = "src", "src", "{18C72068-5E32-47EF-BB06-651055DFB338}"
EndProject
Project("{2150E333-8FDC-42A3-9474-1A3956D46DE8}") = "Building Blocks", "Building Blocks", "{D2B8838F-D4A7-4AAB-9373-F39FFB44D42B}"
EndProject
Project("{2150E333-8FDC-42A3-9474-1A3956D46DE8}") = "Services", "Services", "{A5C4F199-91A8-4609-9C01-D92D73226AC7}"
EndProject
Project("{2150E333-8FDC-42A3-9474-1A3956D46DE8}") = "Web", "Web", "{592EC7B9-9664-4069-BE5F-3451D9E0CB79}"
EndProject
Project("{2150E333-8FDC-42A3-9474-1A3956D46DE8}") = "Identidade", "Identidade", "{497B98B9-18A6-472C-9DE6-95A23C5D5F18}"
EndProject
Project("{FAE04EC0-301F-11D3-BF4B-00C04F79EFBC}") = "NSE.Identidade.API", "src\services\NSE.Identidade.API\NSE.Identidade.API.csproj", "{27648652-4831-4445-A4A1-8F262DA1697C}"
EndProject
Project("{2150E333-8FDC-42A3-9474-1A3956D46DE8}") = "MVC", "MVC", "{0EAD9795-8DC8-4E3F-979C-E2CA58A3539A}"
EndProject
Project("{FAE04EC0-301F-11D3-BF4B-00C04F79EFBC}") = "NSE.WebApp.MVC", "src\web\NSE.WebApp.MVC\NSE.WebApp.MVC.csproj", "{216B4DCA-A256-4F84-98C7-952BBE182C70}"
EndProject
Project("{2150E333-8FDC-42A3-9474-1A3956D46DE8}") = "Core", "Core", "{59322BF5-AEC7-45A6-B87C-C6E1E1361B4D}"
EndProject
Project("{FAE04EC0-301F-11D3-BF4B-00C04F79EFBC}") = "NSE.Core", "src\building blocks\NSE.Core\NSE.Core.csproj", "{081D1388-A562-47C6-BAD4-E3DB0E174B9C}"
EndProject
Project("{2150E333-8FDC-42A3-9474-1A3956D46DE8}") = "Carrinho", "Carrinho", "{77DBF0DC-131B-4F68-A65D-A2A7491979C6}"
EndProject
Project("{FAE04EC0-301F-11D3-BF4B-00C04F79EFBC}") = "NSE.Carrinho.API", "src\services\NSE.Carrinho.API\NSE.Carrinho.API.csproj", "{9A9F0283-C82D-4880-A661-84761C6E7B00}"
EndProject
Project("{2150E333-8FDC-42A3-9474-1A3956D46DE8}") = "Catalogo", "Catalogo", "{157B73EF-D243-4AC0-8A46-92446228FBF1}"
EndProject
Project("{FAE04EC0-301F-11D3-BF4B-00C04F79EFBC}") = "NSE.Catalogo.API", "src\services\NSE.Catalogo.API\NSE.Catalogo.API.csproj", "{34DB5AA0-DAA0-44A7-8E91-3EA496E764DB}"
EndProject
Project("{2150E333-8FDC-42A3-9474-1A3956D46DE8}") = "Cliente", "Cliente", "{130EDC09-FB0A-455D-A438-0A792AC5B229}"
EndProject
Project("{FAE04EC0-301F-11D3-BF4B-00C04F79EFBC}") = "NSE.Cliente.API", "src\services\NSE.Cliente.API\NSE.Cliente.API.csproj", "{3CED1A62-94DE-45F7-869F-7682D127E733}"
EndProject
Project("{2150E333-8FDC-42A3-9474-1A3956D46DE8}") = "Pagamento", "Pagamento", "{FC4B390B-0CC1-43A1-83F8-8B673B5F5D59}"
EndProject
Project("{FAE04EC0-301F-11D3-BF4B-00C04F79EFBC}") = "NSE.Pagamento.API", "src\services\NSE.Pagamento.API\NSE.Pagamento.API.csproj", "{761AE05F-B9A8-42AE-913A-B43646BA3C30}"
EndProject
Project("{2150E333-8FDC-42A3-9474-1A3956D46DE8}") = "Pedido", "Pedido", "{25F6832E-2EA4-491A-A396-482B55D8A4F9}"
EndProject
Project("{FAE04EC0-301F-11D3-BF4B-00C04F79EFBC}") = "NSE.Pedido.API", "src\services\NSE.Pedido.API\NSE.Pedido.API.csproj", "{60C9153D-7185-48CD-B76B-1A58AECFAD7B}"
EndProject
Global
	GlobalSection(SolutionConfigurationPlatforms) = preSolution
		Debug|Any CPU = Debug|Any CPU
		Release|Any CPU = Release|Any CPU
	EndGlobalSection
	GlobalSection(ProjectConfigurationPlatforms) = postSolution
		{27648652-4831-4445-A4A1-8F262DA1697C}.Debug|Any CPU.ActiveCfg = Debug|Any CPU
		{27648652-4831-4445-A4A1-8F262DA1697C}.Debug|Any CPU.Build.0 = Debug|Any CPU
		{27648652-4831-4445-A4A1-8F262DA1697C}.Release|Any CPU.ActiveCfg = Release|Any CPU
		{27648652-4831-4445-A4A1-8F262DA1697C}.Release|Any CPU.Build.0 = Release|Any CPU
		{216B4DCA-A256-4F84-98C7-952BBE182C70}.Debug|Any CPU.ActiveCfg = Debug|Any CPU
		{216B4DCA-A256-4F84-98C7-952BBE182C70}.Debug|Any CPU.Build.0 = Debug|Any CPU
		{216B4DCA-A256-4F84-98C7-952BBE182C70}.Release|Any CPU.ActiveCfg = Release|Any CPU
		{216B4DCA-A256-4F84-98C7-952BBE182C70}.Release|Any CPU.Build.0 = Release|Any CPU
		{081D1388-A562-47C6-BAD4-E3DB0E174B9C}.Debug|Any CPU.ActiveCfg = Debug|Any CPU
		{081D1388-A562-47C6-BAD4-E3DB0E174B9C}.Debug|Any CPU.Build.0 = Debug|Any CPU
		{081D1388-A562-47C6-BAD4-E3DB0E174B9C}.Release|Any CPU.ActiveCfg = Release|Any CPU
		{081D1388-A562-47C6-BAD4-E3DB0E174B9C}.Release|Any CPU.Build.0 = Release|Any CPU
		{9A9F0283-C82D-4880-A661-84761C6E7B00}.Debug|Any CPU.ActiveCfg = Debug|Any CPU
		{9A9F0283-C82D-4880-A661-84761C6E7B00}.Debug|Any CPU.Build.0 = Debug|Any CPU
		{9A9F0283-C82D-4880-A661-84761C6E7B00}.Release|Any CPU.ActiveCfg = Release|Any CPU
		{9A9F0283-C82D-4880-A661-84761C6E7B00}.Release|Any CPU.Build.0 = Release|Any CPU
		{34DB5AA0-DAA0-44A7-8E91-3EA496E764DB}.Debug|Any CPU.ActiveCfg = Debug|Any CPU
		{34DB5AA0-DAA0-44A7-8E91-3EA496E764DB}.Debug|Any CPU.Build.0 = Debug|Any CPU
		{34DB5AA0-DAA0-44A7-8E91-3EA496E764DB}.Release|Any CPU.ActiveCfg = Release|Any CPU
		{34DB5AA0-DAA0-44A7-8E91-3EA496E764DB}.Release|Any CPU.Build.0 = Release|Any CPU
		{3CED1A62-94DE-45F7-869F-7682D127E733}.Debug|Any CPU.ActiveCfg = Debug|Any CPU
		{3CED1A62-94DE-45F7-869F-7682D127E733}.Debug|Any CPU.Build.0 = Debug|Any CPU
		{3CED1A62-94DE-45F7-869F-7682D127E733}.Release|Any CPU.ActiveCfg = Release|Any CPU
		{3CED1A62-94DE-45F7-869F-7682D127E733}.Release|Any CPU.Build.0 = Release|Any CPU
		{761AE05F-B9A8-42AE-913A-B43646BA3C30}.Debug|Any CPU.ActiveCfg = Debug|Any CPU
		{761AE05F-B9A8-42AE-913A-B43646BA3C30}.Debug|Any CPU.Build.0 = Debug|Any CPU
		{761AE05F-B9A8-42AE-913A-B43646BA3C30}.Release|Any CPU.ActiveCfg = Release|Any CPU
		{761AE05F-B9A8-42AE-913A-B43646BA3C30}.Release|Any CPU.Build.0 = Release|Any CPU
		{60C9153D-7185-48CD-B76B-1A58AECFAD7B}.Debug|Any CPU.ActiveCfg = Debug|Any CPU
		{60C9153D-7185-48CD-B76B-1A58AECFAD7B}.Debug|Any CPU.Build.0 = Debug|Any CPU
		{60C9153D-7185-48CD-B76B-1A58AECFAD7B}.Release|Any CPU.ActiveCfg = Release|Any CPU
		{60C9153D-7185-48CD-B76B-1A58AECFAD7B}.Release|Any CPU.Build.0 = Release|Any CPU
	EndGlobalSection
	GlobalSection(SolutionProperties) = preSolution
		HideSolutionNode = FALSE
	EndGlobalSection
	GlobalSection(NestedProjects) = preSolution
		{D2B8838F-D4A7-4AAB-9373-F39FFB44D42B} = {18C72068-5E32-47EF-BB06-651055DFB338}
		{A5C4F199-91A8-4609-9C01-D92D73226AC7} = {18C72068-5E32-47EF-BB06-651055DFB338}
		{592EC7B9-9664-4069-BE5F-3451D9E0CB79} = {18C72068-5E32-47EF-BB06-651055DFB338}
		{497B98B9-18A6-472C-9DE6-95A23C5D5F18} = {A5C4F199-91A8-4609-9C01-D92D73226AC7}
		{27648652-4831-4445-A4A1-8F262DA1697C} = {497B98B9-18A6-472C-9DE6-95A23C5D5F18}
		{0EAD9795-8DC8-4E3F-979C-E2CA58A3539A} = {592EC7B9-9664-4069-BE5F-3451D9E0CB79}
		{216B4DCA-A256-4F84-98C7-952BBE182C70} = {0EAD9795-8DC8-4E3F-979C-E2CA58A3539A}
		{59322BF5-AEC7-45A6-B87C-C6E1E1361B4D} = {D2B8838F-D4A7-4AAB-9373-F39FFB44D42B}
		{081D1388-A562-47C6-BAD4-E3DB0E174B9C} = {59322BF5-AEC7-45A6-B87C-C6E1E1361B4D}
		{77DBF0DC-131B-4F68-A65D-A2A7491979C6} = {A5C4F199-91A8-4609-9C01-D92D73226AC7}
		{9A9F0283-C82D-4880-A661-84761C6E7B00} = {77DBF0DC-131B-4F68-A65D-A2A7491979C6}
		{157B73EF-D243-4AC0-8A46-92446228FBF1} = {A5C4F199-91A8-4609-9C01-D92D73226AC7}
		{34DB5AA0-DAA0-44A7-8E91-3EA496E764DB} = {157B73EF-D243-4AC0-8A46-92446228FBF1}
		{130EDC09-FB0A-455D-A438-0A792AC5B229} = {A5C4F199-91A8-4609-9C01-D92D73226AC7}
		{3CED1A62-94DE-45F7-869F-7682D127E733} = {130EDC09-FB0A-455D-A438-0A792AC5B229}
		{FC4B390B-0CC1-43A1-83F8-8B673B5F5D59} = {A5C4F199-91A8-4609-9C01-D92D73226AC7}
		{761AE05F-B9A8-42AE-913A-B43646BA3C30} = {FC4B390B-0CC1-43A1-83F8-8B673B5F5D59}
		{25F6832E-2EA4-491A-A396-482B55D8A4F9} = {A5C4F199-91A8-4609-9C01-D92D73226AC7}
		{60C9153D-7185-48CD-B76B-1A58AECFAD7B} = {25F6832E-2EA4-491A-A396-482B55D8A4F9}
	EndGlobalSection
	GlobalSection(ExtensibilityGlobals) = postSolution
		SolutionGuid = {2F6A2B0A-D932-49EA-97DC-CEB6518A562A}
	EndGlobalSection
EndGlobal
